
Microsoft Visual Studio Solution File, Format Version 12.00
# Visual Studio Version 16
VisualStudioVersion = 16.0.29318.209
MinimumVisualStudioVersion = 10.0.40219.1
Project("{8BC9CEB8-8B4A-11D0-8D11-00A0C91BC942}") = "haar_3_4_6", "haar_3_4_6\haar_3_4_6.vcxproj", "{D208AA55-D6CD-48CE-B2F4-37929AFB7548}"
EndProject
Project("{8BC9CEB8-8B4A-11D0-8D11-00A0C91BC942}") = "webcam_stream", "webcam_stream\webcam_stream.vcxproj", "{8A40A6B9-3FDA-435A-9604-23D05FEE9C18}"
EndProject
Project("{8BC9CEB8-8B4A-11D0-8D11-00A0C91BC942}") = "CUDA_quick_sort", "CUDA_quick_sort\CUDA_quick_sort.vcxproj", "{CC673F33-5F96-4F8F-9F54-75EA90A2F472}"
EndProject
Project("{8BC9CEB8-8B4A-11D0-8D11-00A0C91BC942}") = "CUDA_haar_1", "CUDA_haar_1\CUDA_haar_1.vcxproj", "{6B2F9AB8-F94E-4220-A030-C9E3925A0696}"
EndProject
Project("{8BC9CEB8-8B4A-11D0-8D11-00A0C91BC942}") = "CUDA_haar_example", "CUDA_haar_example\CUDA_haar_example.vcxproj", "{97D73BEE-2CF7-4F9D-B405-E12A965A6C8D}"
EndProject
Project("{8BC9CEB8-8B4A-11D0-8D11-00A0C91BC942}") = "haar_navigation", "haar_navigation\haar_navigation.vcxproj", "{6E03BED3-DD41-4586-ACE1-C5CBEC085062}"
EndProject
Project("{8BC9CEB8-8B4A-11D0-8D11-00A0C91BC942}") = "distance_calibration", "distance_calibration\distance_calibration.vcxproj", "{2B5B00C4-48F0-45E5-A46A-DD4B59C07EFB}"
EndProject
Project("{8BC9CEB8-8B4A-11D0-8D11-00A0C91BC942}") = "test-solvePnP", "test-solvePnP\test-solvePnP.vcxproj", "{679C3735-5D4E-422C-B4A4-4C4A630FCE5E}"
EndProject
Global
	GlobalSection(SolutionConfigurationPlatforms) = preSolution
		Debug|x64 = Debug|x64
		Debug|x86 = Debug|x86
		Release|x64 = Release|x64
		Release|x86 = Release|x86
	EndGlobalSection
	GlobalSection(ProjectConfigurationPlatforms) = postSolution
		{D208AA55-D6CD-48CE-B2F4-37929AFB7548}.Debug|x64.ActiveCfg = Debug|x64
		{D208AA55-D6CD-48CE-B2F4-37929AFB7548}.Debug|x64.Build.0 = Debug|x64
		{D208AA55-D6CD-48CE-B2F4-37929AFB7548}.Debug|x86.ActiveCfg = Debug|Win32
		{D208AA55-D6CD-48CE-B2F4-37929AFB7548}.Debug|x86.Build.0 = Debug|Win32
		{D208AA55-D6CD-48CE-B2F4-37929AFB7548}.Release|x64.ActiveCfg = Release|x64
		{D208AA55-D6CD-48CE-B2F4-37929AFB7548}.Release|x64.Build.0 = Release|x64
		{D208AA55-D6CD-48CE-B2F4-37929AFB7548}.Release|x86.ActiveCfg = Release|Win32
		{D208AA55-D6CD-48CE-B2F4-37929AFB7548}.Release|x86.Build.0 = Release|Win32
		{8A40A6B9-3FDA-435A-9604-23D05FEE9C18}.Debug|x64.ActiveCfg = Debug|x64
		{8A40A6B9-3FDA-435A-9604-23D05FEE9C18}.Debug|x64.Build.0 = Debug|x64
		{8A40A6B9-3FDA-435A-9604-23D05FEE9C18}.Debug|x86.ActiveCfg = Debug|Win32
		{8A40A6B9-3FDA-435A-9604-23D05FEE9C18}.Debug|x86.Build.0 = Debug|Win32
		{8A40A6B9-3FDA-435A-9604-23D05FEE9C18}.Release|x64.ActiveCfg = Release|x64
		{8A40A6B9-3FDA-435A-9604-23D05FEE9C18}.Release|x64.Build.0 = Release|x64
		{8A40A6B9-3FDA-435A-9604-23D05FEE9C18}.Release|x86.ActiveCfg = Release|Win32
		{8A40A6B9-3FDA-435A-9604-23D05FEE9C18}.Release|x86.Build.0 = Release|Win32
		{CC673F33-5F96-4F8F-9F54-75EA90A2F472}.Debug|x64.ActiveCfg = Debug|x64
		{CC673F33-5F96-4F8F-9F54-75EA90A2F472}.Debug|x64.Build.0 = Debug|x64
		{CC673F33-5F96-4F8F-9F54-75EA90A2F472}.Debug|x86.ActiveCfg = Debug|x64
		{CC673F33-5F96-4F8F-9F54-75EA90A2F472}.Release|x64.ActiveCfg = Release|x64
		{CC673F33-5F96-4F8F-9F54-75EA90A2F472}.Release|x64.Build.0 = Release|x64
		{CC673F33-5F96-4F8F-9F54-75EA90A2F472}.Release|x86.ActiveCfg = Release|x64
		{6B2F9AB8-F94E-4220-A030-C9E3925A0696}.Debug|x64.ActiveCfg = Debug|x64
		{6B2F9AB8-F94E-4220-A030-C9E3925A0696}.Debug|x64.Build.0 = Debug|x64
		{6B2F9AB8-F94E-4220-A030-C9E3925A0696}.Debug|x86.ActiveCfg = Debug|x64
		{6B2F9AB8-F94E-4220-A030-C9E3925A0696}.Release|x64.ActiveCfg = Release|x64
		{6B2F9AB8-F94E-4220-A030-C9E3925A0696}.Release|x64.Build.0 = Release|x64
		{6B2F9AB8-F94E-4220-A030-C9E3925A0696}.Release|x86.ActiveCfg = Release|x64
		{97D73BEE-2CF7-4F9D-B405-E12A965A6C8D}.Debug|x64.ActiveCfg = Debug|x64
		{97D73BEE-2CF7-4F9D-B405-E12A965A6C8D}.Debug|x64.Build.0 = Debug|x64
		{97D73BEE-2CF7-4F9D-B405-E12A965A6C8D}.Debug|x86.ActiveCfg = Debug|x64
		{97D73BEE-2CF7-4F9D-B405-E12A965A6C8D}.Release|x64.ActiveCfg = Release|x64
		{97D73BEE-2CF7-4F9D-B405-E12A965A6C8D}.Release|x64.Build.0 = Release|x64
		{97D73BEE-2CF7-4F9D-B405-E12A965A6C8D}.Release|x86.ActiveCfg = Release|x64
		{6E03BED3-DD41-4586-ACE1-C5CBEC085062}.Debug|x64.ActiveCfg = Debug|x64
		{6E03BED3-DD41-4586-ACE1-C5CBEC085062}.Debug|x64.Build.0 = Debug|x64
		{6E03BED3-DD41-4586-ACE1-C5CBEC085062}.Debug|x86.ActiveCfg = Debug|Win32
		{6E03BED3-DD41-4586-ACE1-C5CBEC085062}.Debug|x86.Build.0 = Debug|Win32
		{6E03BED3-DD41-4586-ACE1-C5CBEC085062}.Release|x64.ActiveCfg = Release|x64
		{6E03BED3-DD41-4586-ACE1-C5CBEC085062}.Release|x64.Build.0 = Release|x64
		{6E03BED3-DD41-4586-ACE1-C5CBEC085062}.Release|x86.ActiveCfg = Release|Win32
		{6E03BED3-DD41-4586-ACE1-C5CBEC085062}.Release|x86.Build.0 = Release|Win32
		{2B5B00C4-48F0-45E5-A46A-DD4B59C07EFB}.Debug|x64.ActiveCfg = Debug|x64
		{2B5B00C4-48F0-45E5-A46A-DD4B59C07EFB}.Debug|x64.Build.0 = Debug|x64
		{2B5B00C4-48F0-45E5-A46A-DD4B59C07EFB}.Debug|x86.ActiveCfg = Debug|Win32
		{2B5B00C4-48F0-45E5-A46A-DD4B59C07EFB}.Debug|x86.Build.0 = Debug|Win32
		{2B5B00C4-48F0-45E5-A46A-DD4B59C07EFB}.Release|x64.ActiveCfg = Release|x64
		{2B5B00C4-48F0-45E5-A46A-DD4B59C07EFB}.Release|x64.Build.0 = Release|x64
		{2B5B00C4-48F0-45E5-A46A-DD4B59C07EFB}.Release|x86.ActiveCfg = Release|Win32
		{2B5B00C4-48F0-45E5-A46A-DD4B59C07EFB}.Release|x86.Build.0 = Release|Win32
		{679C3735-5D4E-422C-B4A4-4C4A630FCE5E}.Debug|x64.ActiveCfg = Debug|x64
		{679C3735-5D4E-422C-B4A4-4C4A630FCE5E}.Debug|x64.Build.0 = Debug|x64
		{679C3735-5D4E-422C-B4A4-4C4A630FCE5E}.Debug|x86.ActiveCfg = Debug|Win32
		{679C3735-5D4E-422C-B4A4-4C4A630FCE5E}.Debug|x86.Build.0 = Debug|Win32
		{679C3735-5D4E-422C-B4A4-4C4A630FCE5E}.Release|x64.ActiveCfg = Release|x64
		{679C3735-5D4E-422C-B4A4-4C4A630FCE5E}.Release|x64.Build.0 = Release|x64
		{679C3735-5D4E-422C-B4A4-4C4A630FCE5E}.Release|x86.ActiveCfg = Release|Win32
		{679C3735-5D4E-422C-B4A4-4C4A630FCE5E}.Release|x86.Build.0 = Release|Win32
	EndGlobalSection
	GlobalSection(SolutionProperties) = preSolution
		HideSolutionNode = FALSE
	EndGlobalSection
	GlobalSection(ExtensibilityGlobals) = postSolution
		SolutionGuid = {5BFD4AC3-B15D-46E7-BB6B-64B350FFBE09}
	EndGlobalSection
EndGlobal
